// !$*UTF8*$!
{
	archiveVersion = 1;
	classes = {
	};
	objectVersion = 56;
	objects = {

/* Begin PBXBuildFile section */
		149E0BD82B85747700B986B5 /* Learn.swift in Sources */ = {isa = PBXBuildFile; fileRef = 149E0BD72B85747700B986B5 /* Learn.swift */; };
		F55374862B87EAD4003BA9D8 /* CameraView.swift in Sources */ = {isa = PBXBuildFile; fileRef = F55374832B87EAD4003BA9D8 /* CameraView.swift */; };
		F55374872B87EAD4003BA9D8 /* TrashDetector.swift in Sources */ = {isa = PBXBuildFile; fileRef = F55374842B87EAD4003BA9D8 /* TrashDetector.swift */; };
		F55374882B87EAD4003BA9D8 /* yolov8n.mlpackage in Sources */ = {isa = PBXBuildFile; fileRef = F55374852B87EAD4003BA9D8 /* yolov8n.mlpackage */; };
		F553748A2B87F3C9003BA9D8 /* Scan.swift in Sources */ = {isa = PBXBuildFile; fileRef = F55374892B87F3C9003BA9D8 /* Scan.swift */; };
		F55E241B2B84125700CADB2B /* Waste_WizardApp.swift in Sources */ = {isa = PBXBuildFile; fileRef = F55E241A2B84125700CADB2B /* Waste_WizardApp.swift */; };
		F55E241D2B84125700CADB2B /* ContentView.swift in Sources */ = {isa = PBXBuildFile; fileRef = F55E241C2B84125700CADB2B /* ContentView.swift */; };
		F55E24212B84125800CADB2B /* Assets.xcassets in Resources */ = {isa = PBXBuildFile; fileRef = F55E24202B84125800CADB2B /* Assets.xcassets */; };
		F55E24242B84125800CADB2B /* Preview Assets.xcassets in Resources */ = {isa = PBXBuildFile; fileRef = F55E24232B84125800CADB2B /* Preview Assets.xcassets */; };
		F5C432CB2B894BBB00125DBE /* Montserrat-VariableFont_wght.ttf in Resources */ = {isa = PBXBuildFile; fileRef = F5C432C92B894BBB00125DBE /* Montserrat-VariableFont_wght.ttf */; };
		F5C432CC2B894BBB00125DBE /* Montserrat-Italic-VariableFont_wght.ttf in Resources */ = {isa = PBXBuildFile; fileRef = F5C432CA2B894BBB00125DBE /* Montserrat-Italic-VariableFont_wght.ttf */; };
		F5C432CE2B896D3600125DBE /* HOMAN.mlmodel in Sources */ = {isa = PBXBuildFile; fileRef = F5C432CD2B896D3600125DBE /* HOMAN.mlmodel */; };
		F5C432D62B8979D100125DBE /* ScanDialogue.swift in Sources */ = {isa = PBXBuildFile; fileRef = F5C432D52B8979D100125DBE /* ScanDialogue.swift */; };
		F5C432DA2B89944E00125DBE /* InfoView.swift in Sources */ = {isa = PBXBuildFile; fileRef = F5C432D92B89944E00125DBE /* InfoView.swift */; };
		F5C432DC2B8C545C00125DBE /* HOMAN2.1.mlmodel in Sources */ = {isa = PBXBuildFile; fileRef = F5C432DB2B8C545C00125DBE /* HOMAN2.1.mlmodel */; };
/* End PBXBuildFile section */

/* Begin PBXFileReference section */
		149E0BD72B85747700B986B5 /* Learn.swift */ = {isa = PBXFileReference; lastKnownFileType = sourcecode.swift; path = Learn.swift; sourceTree = "<group>"; };
		F55374832B87EAD4003BA9D8 /* CameraView.swift */ = {isa = PBXFileReference; fileEncoding = 4; lastKnownFileType = sourcecode.swift; path = CameraView.swift; sourceTree = "<group>"; };
		F55374842B87EAD4003BA9D8 /* TrashDetector.swift */ = {isa = PBXFileReference; fileEncoding = 4; lastKnownFileType = sourcecode.swift; path = TrashDetector.swift; sourceTree = "<group>"; };
		F55374852B87EAD4003BA9D8 /* yolov8n.mlpackage */ = {isa = PBXFileReference; lastKnownFileType = folder.mlpackage; path = yolov8n.mlpackage; sourceTree = "<group>"; };
		F55374892B87F3C9003BA9D8 /* Scan.swift */ = {isa = PBXFileReference; lastKnownFileType = sourcecode.swift; path = Scan.swift; sourceTree = "<group>"; };
		F55E24172B84125700CADB2B /* Waste Wizard.app */ = {isa = PBXFileReference; explicitFileType = wrapper.application; includeInIndex = 0; path = "Waste Wizard.app"; sourceTree = BUILT_PRODUCTS_DIR; };
		F55E241A2B84125700CADB2B /* Waste_WizardApp.swift */ = {isa = PBXFileReference; lastKnownFileType = sourcecode.swift; path = Waste_WizardApp.swift; sourceTree = "<group>"; };
		F55E241C2B84125700CADB2B /* ContentView.swift */ = {isa = PBXFileReference; lastKnownFileType = sourcecode.swift; path = ContentView.swift; sourceTree = "<group>"; };
		F55E24202B84125800CADB2B /* Assets.xcassets */ = {isa = PBXFileReference; lastKnownFileType = folder.assetcatalog; path = Assets.xcassets; sourceTree = "<group>"; };
		F55E24232B84125800CADB2B /* Preview Assets.xcassets */ = {isa = PBXFileReference; lastKnownFileType = folder.assetcatalog; path = "Preview Assets.xcassets"; sourceTree = "<group>"; };
		F55E24252B84125800CADB2B /* Waste_Wizard.entitlements */ = {isa = PBXFileReference; lastKnownFileType = text.plist.entitlements; path = Waste_Wizard.entitlements; sourceTree = "<group>"; };
		F55E24262B84125800CADB2B /* Info.plist */ = {isa = PBXFileReference; lastKnownFileType = text.plist.xml; path = Info.plist; sourceTree = "<group>"; };
		F5C432C92B894BBB00125DBE /* Montserrat-VariableFont_wght.ttf */ = {isa = PBXFileReference; lastKnownFileType = file; path = "Montserrat-VariableFont_wght.ttf"; sourceTree = "<group>"; };
		F5C432CA2B894BBB00125DBE /* Montserrat-Italic-VariableFont_wght.ttf */ = {isa = PBXFileReference; lastKnownFileType = file; path = "Montserrat-Italic-VariableFont_wght.ttf"; sourceTree = "<group>"; };
		F5C432CD2B896D3600125DBE /* HOMAN.mlmodel */ = {isa = PBXFileReference; lastKnownFileType = file.mlmodel; path = HOMAN.mlmodel; sourceTree = "<group>"; };
		F5C432D52B8979D100125DBE /* ScanDialogue.swift */ = {isa = PBXFileReference; lastKnownFileType = sourcecode.swift; path = ScanDialogue.swift; sourceTree = "<group>"; };
		F5C432D92B89944E00125DBE /* InfoView.swift */ = {isa = PBXFileReference; lastKnownFileType = sourcecode.swift; path = InfoView.swift; sourceTree = "<group>"; };
		F5C432DB2B8C545C00125DBE /* HOMAN2.1.mlmodel */ = {isa = PBXFileReference; lastKnownFileType = file.mlmodel; path = HOMAN2.1.mlmodel; sourceTree = "<group>"; };
/* End PBXFileReference section */

/* Begin PBXFrameworksBuildPhase section */
		F55E24142B84125700CADB2B /* Frameworks */ = {
			isa = PBXFrameworksBuildPhase;
			buildActionMask = 2147483647;
			files = (
			);
			runOnlyForDeploymentPostprocessing = 0;
		};
/* End PBXFrameworksBuildPhase section */

/* Begin PBXGroup section */
		F55E240E2B84125700CADB2B = {
			isa = PBXGroup;
			children = (
				F55E24192B84125700CADB2B /* Waste Wizard */,
				F55E24182B84125700CADB2B /* Products */,
			);
			sourceTree = "<group>";
		};
		F55E24182B84125700CADB2B /* Products */ = {
			isa = PBXGroup;
			children = (
				F55E24172B84125700CADB2B /* Waste Wizard.app */,
			);
			name = Products;
			sourceTree = "<group>";
		};
		F55E24192B84125700CADB2B /* Waste Wizard */ = {
			isa = PBXGroup;
			children = (
				F5C432CA2B894BBB00125DBE /* Montserrat-Italic-VariableFont_wght.ttf */,
				F5C432C92B894BBB00125DBE /* Montserrat-VariableFont_wght.ttf */,
				149E0BD72B85747700B986B5 /* Learn.swift */,
				F55374892B87F3C9003BA9D8 /* Scan.swift */,
				F55374832B87EAD4003BA9D8 /* CameraView.swift */,
				F55374842B87EAD4003BA9D8 /* TrashDetector.swift */,
				F5C432D52B8979D100125DBE /* ScanDialogue.swift */,
				F5C432D92B89944E00125DBE /* InfoView.swift */,
				F5C432DB2B8C545C00125DBE /* HOMAN2.1.mlmodel */,
				F5C432CD2B896D3600125DBE /* HOMAN.mlmodel */,
				F55374852B87EAD4003BA9D8 /* yolov8n.mlpackage */,
				F55E241A2B84125700CADB2B /* Waste_WizardApp.swift */,
				F55E241C2B84125700CADB2B /* ContentView.swift */,
				F55E24202B84125800CADB2B /* Assets.xcassets */,
				F55E24252B84125800CADB2B /* Waste_Wizard.entitlements */,
				F55E24262B84125800CADB2B /* Info.plist */,
				F55E24222B84125800CADB2B /* Preview Content */,
			);
			path = "Waste Wizard";
			sourceTree = "<group>";
		};
		F55E24222B84125800CADB2B /* Preview Content */ = {
			isa = PBXGroup;
			children = (
				F55E24232B84125800CADB2B /* Preview Assets.xcassets */,
			);
			path = "Preview Content";
			sourceTree = "<group>";
		};
/* End PBXGroup section */

/* Begin PBXNativeTarget section */
		F55E24162B84125700CADB2B /* Waste Wizard */ = {
			isa = PBXNativeTarget;
			buildConfigurationList = F55E24292B84125800CADB2B /* Build configuration list for PBXNativeTarget "Waste Wizard" */;
			buildPhases = (
				F55E24132B84125700CADB2B /* Sources */,
				F55E24142B84125700CADB2B /* Frameworks */,
				F55E24152B84125700CADB2B /* Resources */,
			);
			buildRules = (
			);
			dependencies = (
			);
			name = "Waste Wizard";
			productName = "Waste Wizard";
			productReference = F55E24172B84125700CADB2B /* Waste Wizard.app */;
			productType = "com.apple.product-type.application";
		};
/* End PBXNativeTarget section */

/* Begin PBXProject section */
		F55E240F2B84125700CADB2B /* Project object */ = {
			isa = PBXProject;
			attributes = {
				BuildIndependentTargetsInParallel = 1;
				LastSwiftUpdateCheck = 1520;
				LastUpgradeCheck = 1520;
				TargetAttributes = {
					F55E24162B84125700CADB2B = {
						CreatedOnToolsVersion = 15.2;
					};
				};
			};
			buildConfigurationList = F55E24122B84125700CADB2B /* Build configuration list for PBXProject "Waste Wizard" */;
			compatibilityVersion = "Xcode 14.0";
			developmentRegion = en;
			hasScannedForEncodings = 0;
			knownRegions = (
				en,
				Base,
			);
			mainGroup = F55E240E2B84125700CADB2B;
			productRefGroup = F55E24182B84125700CADB2B /* Products */;
			projectDirPath = "";
			projectRoot = "";
			targets = (
				F55E24162B84125700CADB2B /* Waste Wizard */,
			);
		};
/* End PBXProject section */

/* Begin PBXResourcesBuildPhase section */
		F55E24152B84125700CADB2B /* Resources */ = {
			isa = PBXResourcesBuildPhase;
			buildActionMask = 2147483647;
			files = (
				F5C432CC2B894BBB00125DBE /* Montserrat-Italic-VariableFont_wght.ttf in Resources */,
				F55E24242B84125800CADB2B /* Preview Assets.xcassets in Resources */,
				F5C432CB2B894BBB00125DBE /* Montserrat-VariableFont_wght.ttf in Resources */,
				F55E24212B84125800CADB2B /* Assets.xcassets in Resources */,
			);
			runOnlyForDeploymentPostprocessing = 0;
		};
/* End PBXResourcesBuildPhase section */

/* Begin PBXSourcesBuildPhase section */
		F55E24132B84125700CADB2B /* Sources */ = {
			isa = PBXSourcesBuildPhase;
			buildActionMask = 2147483647;
			files = (
				F5C432D62B8979D100125DBE /* ScanDialogue.swift in Sources */,
				F5C432CE2B896D3600125DBE /* HOMAN.mlmodel in Sources */,
				149E0BD82B85747700B986B5 /* Learn.swift in Sources */,
				F55E241D2B84125700CADB2B /* ContentView.swift in Sources */,
				F55374862B87EAD4003BA9D8 /* CameraView.swift in Sources */,
				F55374872B87EAD4003BA9D8 /* TrashDetector.swift in Sources */,
				F55374882B87EAD4003BA9D8 /* yolov8n.mlpackage in Sources */,
				F553748A2B87F3C9003BA9D8 /* Scan.swift in Sources */,
				F5C432DA2B89944E00125DBE /* InfoView.swift in Sources */,
				F55E241B2B84125700CADB2B /* Waste_WizardApp.swift in Sources */,
				F5C432DC2B8C545C00125DBE /* HOMAN2.1.mlmodel in Sources */,
			);
			runOnlyForDeploymentPostprocessing = 0;
		};
/* End PBXSourcesBuildPhase section */

/* Begin XCBuildConfiguration section */
		F55E24272B84125800CADB2B /* Debug */ = {
			isa = XCBuildConfiguration;
			buildSettings = {
				ALWAYS_SEARCH_USER_PATHS = NO;
				ASSETCATALOG_COMPILER_GENERATE_SWIFT_ASSET_SYMBOL_EXTENSIONS = YES;
				CLANG_ANALYZER_NONNULL = YES;
				CLANG_ANALYZER_NUMBER_OBJECT_CONVERSION = YES_AGGRESSIVE;
				CLANG_CXX_LANGUAGE_STANDARD = "gnu++20";
				CLANG_ENABLE_MODULES = YES;
				CLANG_ENABLE_OBJC_ARC = YES;
				CLANG_ENABLE_OBJC_WEAK = YES;
				CLANG_WARN_BLOCK_CAPTURE_AUTORELEASING = YES;
				CLANG_WARN_BOOL_CONVERSION = YES;
				CLANG_WARN_COMMA = YES;
				CLANG_WARN_CONSTANT_CONVERSION = YES;
				CLANG_WARN_DEPRECATED_OBJC_IMPLEMENTATIONS = YES;
				CLANG_WARN_DIRECT_OBJC_ISA_USAGE = YES_ERROR;
				CLANG_WARN_DOCUMENTATION_COMMENTS = YES;
				CLANG_WARN_EMPTY_BODY = YES;
				CLANG_WARN_ENUM_CONVERSION = YES;
				CLANG_WARN_INFINITE_RECURSION = YES;
				CLANG_WARN_INT_CONVERSION = YES;
				CLANG_WARN_NON_LITERAL_NULL_CONVERSION = YES;
				CLANG_WARN_OBJC_IMPLICIT_RETAIN_SELF = YES;
				CLANG_WARN_OBJC_LITERAL_CONVERSION = YES;
				CLANG_WARN_OBJC_ROOT_CLASS = YES_ERROR;
				CLANG_WARN_QUOTED_INCLUDE_IN_FRAMEWORK_HEADER = YES;
				CLANG_WARN_RANGE_LOOP_ANALYSIS = YES;
				CLANG_WARN_STRICT_PROTOTYPES = YES;
				CLANG_WARN_SUSPICIOUS_MOVE = YES;
				CLANG_WARN_UNGUARDED_AVAILABILITY = YES_AGGRESSIVE;
				CLANG_WARN_UNREACHABLE_CODE = YES;
				CLANG_WARN__DUPLICATE_METHOD_MATCH = YES;
				COPY_PHASE_STRIP = NO;
				DEBUG_INFORMATION_FORMAT = dwarf;
				ENABLE_STRICT_OBJC_MSGSEND = YES;
				ENABLE_TESTABILITY = YES;
				ENABLE_USER_SCRIPT_SANDBOXING = YES;
				GCC_C_LANGUAGE_STANDARD = gnu17;
				GCC_DYNAMIC_NO_PIC = NO;
				GCC_NO_COMMON_BLOCKS = YES;
				GCC_OPTIMIZATION_LEVEL = 0;
				GCC_PREPROCESSOR_DEFINITIONS = (
					"DEBUG=1",
					"$(inherited)",
				);
				GCC_WARN_64_TO_32_BIT_CONVERSION = YES;
				GCC_WARN_ABOUT_RETURN_TYPE = YES_ERROR;
				GCC_WARN_UNDECLARED_SELECTOR = YES;
				GCC_WARN_UNINITIALIZED_AUTOS = YES_AGGRESSIVE;
				GCC_WARN_UNUSED_FUNCTION = YES;
				GCC_WARN_UNUSED_VARIABLE = YES;
				IPHONEOS_DEPLOYMENT_TARGET = 17.2;
				LOCALIZATION_PREFERS_STRING_CATALOGS = YES;
				MTL_ENABLE_DEBUG_INFO = INCLUDE_SOURCE;
				MTL_FAST_MATH = YES;
				ONLY_ACTIVE_ARCH = YES;
				SDKROOT = iphoneos;
				SWIFT_ACTIVE_COMPILATION_CONDITIONS = "DEBUG $(inherited)";
				SWIFT_OPTIMIZATION_LEVEL = "-Onone";
			};
			name = Debug;
		};
		F55E24282B84125800CADB2B /* Release */ = {
			isa = XCBuildConfiguration;
			buildSettings = {
				ALWAYS_SEARCH_USER_PATHS = NO;
				ASSETCATALOG_COMPILER_GENERATE_SWIFT_ASSET_SYMBOL_EXTENSIONS = YES;
				CLANG_ANALYZER_NONNULL = YES;
				CLANG_ANALYZER_NUMBER_OBJECT_CONVERSION = YES_AGGRESSIVE;
				CLANG_CXX_LANGUAGE_STANDARD = "gnu++20";
				CLANG_ENABLE_MODULES = YES;
				CLANG_ENABLE_OBJC_ARC = YES;
				CLANG_ENABLE_OBJC_WEAK = YES;
				CLANG_WARN_BLOCK_CAPTURE_AUTORELEASING = YES;
				CLANG_WARN_BOOL_CONVERSION = YES;
				CLANG_WARN_COMMA = YES;
				CLANG_WARN_CONSTANT_CONVERSION = YES;
				CLANG_WARN_DEPRECATED_OBJC_IMPLEMENTATIONS = YES;
				CLANG_WARN_DIRECT_OBJC_ISA_USAGE = YES_ERROR;
				CLANG_WARN_DOCUMENTATION_COMMENTS = YES;
				CLANG_WARN_EMPTY_BODY = YES;
				CLANG_WARN_ENUM_CONVERSION = YES;
				CLANG_WARN_INFINITE_RECURSION = YES;
				CLANG_WARN_INT_CONVERSION = YES;
				CLANG_WARN_NON_LITERAL_NULL_CONVERSION = YES;
				CLANG_WARN_OBJC_IMPLICIT_RETAIN_SELF = YES;
				CLANG_WARN_OBJC_LITERAL_CONVERSION = YES;
				CLANG_WARN_OBJC_ROOT_CLASS = YES_ERROR;
				CLANG_WARN_QUOTED_INCLUDE_IN_FRAMEWORK_HEADER = YES;
				CLANG_WARN_RANGE_LOOP_ANALYSIS = YES;
				CLANG_WARN_STRICT_PROTOTYPES = YES;
				CLANG_WARN_SUSPICIOUS_MOVE = YES;
				CLANG_WARN_UNGUARDED_AVAILABILITY = YES_AGGRESSIVE;
				CLANG_WARN_UNREACHABLE_CODE = YES;
				CLANG_WARN__DUPLICATE_METHOD_MATCH = YES;
				COPY_PHASE_STRIP = NO;
				DEBUG_INFORMATION_FORMAT = "dwarf-with-dsym";
				ENABLE_NS_ASSERTIONS = NO;
				ENABLE_STRICT_OBJC_MSGSEND = YES;
				ENABLE_USER_SCRIPT_SANDBOXING = YES;
				GCC_C_LANGUAGE_STANDARD = gnu17;
				GCC_NO_COMMON_BLOCKS = YES;
				GCC_WARN_64_TO_32_BIT_CONVERSION = YES;
				GCC_WARN_ABOUT_RETURN_TYPE = YES_ERROR;
				GCC_WARN_UNDECLARED_SELECTOR = YES;
				GCC_WARN_UNINITIALIZED_AUTOS = YES_AGGRESSIVE;
				GCC_WARN_UNUSED_FUNCTION = YES;
				GCC_WARN_UNUSED_VARIABLE = YES;
				IPHONEOS_DEPLOYMENT_TARGET = 17.2;
				LOCALIZATION_PREFERS_STRING_CATALOGS = YES;
				MTL_ENABLE_DEBUG_INFO = NO;
				MTL_FAST_MATH = YES;
				SDKROOT = iphoneos;
				SWIFT_COMPILATION_MODE = wholemodule;
				VALIDATE_PRODUCT = YES;
			};
			name = Release;
		};
		F55E242A2B84125800CADB2B /* Debug */ = {
			isa = XCBuildConfiguration;
			buildSettings = {
				ASSETCATALOG_COMPILER_APPICON_NAME = AppIcon;
				ASSETCATALOG_COMPILER_GLOBAL_ACCENT_COLOR_NAME = AccentColor;
				CODE_SIGN_ENTITLEMENTS = "Waste Wizard/Waste_Wizard.entitlements";
				CODE_SIGN_STYLE = Automatic;
				CURRENT_PROJECT_VERSION = 1;
				DEVELOPMENT_ASSET_PATHS = "\"Waste Wizard/Preview Content\"";
				DEVELOPMENT_TEAM = VSX75K2SNJ;
				ENABLE_PREVIEWS = YES;
				GENERATE_INFOPLIST_FILE = YES;
				INFOPLIST_FILE = "Waste Wizard/Info.plist";
				INFOPLIST_KEY_NSCameraUsageDescription = "App uses camera to detect trash";
				INFOPLIST_KEY_UIApplicationSceneManifest_Generation = YES;
				INFOPLIST_KEY_UIApplicationSupportsIndirectInputEvents = YES;
				INFOPLIST_KEY_UILaunchScreen_Generation = YES;
				INFOPLIST_KEY_UISupportedInterfaceOrientations = UIInterfaceOrientationPortrait;
				INFOPLIST_KEY_UISupportedInterfaceOrientations_iPad = "UIInterfaceOrientationPortrait UIInterfaceOrientationPortraitUpsideDown";
				LD_RUNPATH_SEARCH_PATHS = (
					"$(inherited)",
					"@executable_path/Frameworks",
				);
				MARKETING_VERSION = 1.0;
				PRODUCT_BUNDLE_IDENTIFIER = "com.xiyin.Waste-Wizard";
				PRODUCT_NAME = "$(TARGET_NAME)";
				SWIFT_EMIT_LOC_STRINGS = YES;
				SWIFT_VERSION = 5.0;
				TARGETED_DEVICE_FAMILY = "1,2";
			};
			name = Debug;
		};
		F55E242B2B84125800CADB2B /* Release */ = {
			isa = XCBuildConfiguration;
			buildSettings = {
				ASSETCATALOG_COMPILER_APPICON_NAME = AppIcon;
				ASSETCATALOG_COMPILER_GLOBAL_ACCENT_COLOR_NAME = AccentColor;
				CODE_SIGN_ENTITLEMENTS = "Waste Wizard/Waste_Wizard.entitlements";
				CODE_SIGN_STYLE = Automatic;
				CURRENT_PROJECT_VERSION = 1;
				DEVELOPMENT_ASSET_PATHS = "\"Waste Wizard/Preview Content\"";
				DEVELOPMENT_TEAM = VSX75K2SNJ;
				ENABLE_PREVIEWS = YES;
				GENERATE_INFOPLIST_FILE = YES;
				INFOPLIST_FILE = "Waste Wizard/Info.plist";
				INFOPLIST_KEY_NSCameraUsageDescription = "App uses camera to detect trash";
				INFOPLIST_KEY_UIApplicationSceneManifest_Generation = YES;
				INFOPLIST_KEY_UIApplicationSupportsIndirectInputEvents = YES;
				INFOPLIST_KEY_UILaunchScreen_Generation = YES;
				INFOPLIST_KEY_UISupportedInterfaceOrientations = UIInterfaceOrientationPortrait;
				INFOPLIST_KEY_UISupportedInterfaceOrientations_iPad = "UIInterfaceOrientationPortrait UIInterfaceOrientationPortraitUpsideDown";
				LD_RUNPATH_SEARCH_PATHS = (
					"$(inherited)",
					"@executable_path/Frameworks",
				);
				MARKETING_VERSION = 1.0;
				PRODUCT_BUNDLE_IDENTIFIER = "com.xiyin.Waste-Wizard";
				PRODUCT_NAME = "$(TARGET_NAME)";
				SWIFT_EMIT_LOC_STRINGS = YES;
				SWIFT_VERSION = 5.0;
				TARGETED_DEVICE_FAMILY = "1,2";
			};
			name = Release;
		};
/* End XCBuildConfiguration section */

/* Begin XCConfigurationList section */
		F55E24122B84125700CADB2B /* Build configuration list for PBXProject "Waste Wizard" */ = {
			isa = XCConfigurationList;
			buildConfigurations = (
				F55E24272B84125800CADB2B /* Debug */,
				F55E24282B84125800CADB2B /* Release */,
			);
			defaultConfigurationIsVisible = 0;
			defaultConfigurationName = Release;
		};
		F55E24292B84125800CADB2B /* Build configuration list for PBXNativeTarget "Waste Wizard" */ = {
			isa = XCConfigurationList;
			buildConfigurations = (
				F55E242A2B84125800CADB2B /* Debug */,
				F55E242B2B84125800CADB2B /* Release */,
			);
			defaultConfigurationIsVisible = 0;
			defaultConfigurationName = Release;
		};
/* End XCConfigurationList section */
	};
	rootObject = F55E240F2B84125700CADB2B /* Project object */;
}
